PODS:
  - Alamofire (5.10.2)
  - ByteowlsCapacitorFilesharer (5.0.0):
    - Capacitor
  - Capacitor (5.6.0):
    - CapacitorCordova
  - CapacitorApp (5.0.6):
    - Capacitor
  - CapacitorBrowser (5.1.0):
    - Capacitor
  - CapacitorClipboard (5.0.6):
    - Capacitor
  - CapacitorCommunityVolumeButtons (1.0.2):
    - Capacitor
  - CapacitorCordova (5.6.0)
  - CapacitorDialog (5.0.6):
    - Capacitor
  - CapacitorHaptics (5.0.6):
    - Capacitor
  - CapacitorNetwork (5.0.6):
    - Capacitor
  - CapacitorPreferences (5.0.6):
    - Capacitor
  - CapacitorStatusBar (5.0.6):
    - Capacitor
  - CordovaPlugins (5.6.0):
    - CapacitorCordova
  - Realm (10.54.2):
    - Realm/Headers (= 10.54.2)
  - Realm/Headers (10.54.2)
  - RealmSwift (10.54.2):
    - Realm (= 10.54.2)

DEPENDENCIES:
  - Alamofire (~> 5.5)
  - "ByteowlsCapacitorFilesharer (from `../../node_modules/@byteowls/capacitor-filesharer`)"
  - "Capacitor (from `../../node_modules/@capacitor/ios`)"
  - "CapacitorApp (from `../../node_modules/@capacitor/app`)"
  - "CapacitorBrowser (from `../../node_modules/@capacitor/browser`)"
  - "CapacitorClipboard (from `../../node_modules/@capacitor/clipboard`)"
  - "CapacitorCommunityVolumeButtons (from `../../node_modules/@capacitor-community/volume-buttons`)"
  - "CapacitorCordova (from `../../node_modules/@capacitor/ios`)"
  - "CapacitorDialog (from `../../node_modules/@capacitor/dialog`)"
  - "CapacitorHaptics (from `../../node_modules/@capacitor/haptics`)"
  - "CapacitorNetwork (from `../../node_modules/@capacitor/network`)"
  - "CapacitorPreferences (from `../../node_modules/@capacitor/preferences`)"
  - "CapacitorStatusBar (from `../../node_modules/@capacitor/status-bar`)"
  - CordovaPlugins (from `../capacitor-cordova-ios-plugins`)
  - RealmSwift (~> 10)

SPEC REPOS:
  trunk:
    - Alamofire
    - Realm
    - RealmSwift

EXTERNAL SOURCES:
  ByteowlsCapacitorFilesharer:
    :path: "../../node_modules/@byteowls/capacitor-filesharer"
  Capacitor:
    :path: "../../node_modules/@capacitor/ios"
  CapacitorApp:
    :path: "../../node_modules/@capacitor/app"
  CapacitorBrowser:
    :path: "../../node_modules/@capacitor/browser"
  CapacitorClipboard:
    :path: "../../node_modules/@capacitor/clipboard"
  CapacitorCommunityVolumeButtons:
    :path: "../../node_modules/@capacitor-community/volume-buttons"
  CapacitorCordova:
    :path: "../../node_modules/@capacitor/ios"
  CapacitorDialog:
    :path: "../../node_modules/@capacitor/dialog"
  CapacitorHaptics:
    :path: "../../node_modules/@capacitor/haptics"
  CapacitorNetwork:
    :path: "../../node_modules/@capacitor/network"
  CapacitorPreferences:
    :path: "../../node_modules/@capacitor/preferences"
  CapacitorStatusBar:
    :path: "../../node_modules/@capacitor/status-bar"
  CordovaPlugins:
    :path: "../capacitor-cordova-ios-plugins"

SPEC CHECKSUMS:
  Alamofire: 7193b3b92c74a07f85569e1a6c4f4237291e7496
  ByteowlsCapacitorFilesharer: bda07882639e7d7b37de16426f2deb82d793c0b6
  Capacitor: 543dcc8159d8e4bdbd0e6923df919f056990836e
  CapacitorApp: 3bef09d0bbb9698fd1766398499f306647156bbf
  CapacitorBrowser: 1b806c749bdb6e35087aa61d19ef440d95276d9c
  CapacitorClipboard: 38119e894d95bfae1969d94a29de244adf244ba2
  CapacitorCommunityVolumeButtons: 064ced6f9d44cc873c6c8ce3ab29e231adc90112
  CapacitorCordova: 931b48fcdbc9bc985fc2f16cec9f77c794a27729
  CapacitorDialog: a1da1b24900083f9ad1e79fb1cb257eb77fb115a
  CapacitorHaptics: c56885bd07919be808b38db507507919ce4d1b09
  CapacitorNetwork: a3690b685815fc096991f1602e5f3c7baacf1af8
  CapacitorPreferences: f78fba9eb9a2c3bd6d7014c1cfa4174e53832caa
  CapacitorStatusBar: f7e05ad7e5fb1a1cdacd2f0b55d488550ca07c41
  CordovaPlugins: 6b147ee40582c61db63c6b4a8a4d1ad421fd1ae6
  Realm: 16852517a207e98cc6acba9336b56c30d06d84ad
  RealmSwift: bca777b3904ee58a9b16036e1840012f03348060

PODFILE CHECKSUM: d0bbe98fb520752929ffc76e7c901d54b2eed7f0

COCOAPODS: 1.16.2
